
Microsoft Visual Studio Solution File, Format Version 12.00
# Visual Studio 14
VisualStudioVersion = 14.0.25420.1
MinimumVisualStudioVersion = 10.0.40219.1
Project("{F184B08F-C81C-45F6-A57F-5ABD9991F28F}") = "上博企業管理系統", "上博企業管理系統\上博企業管理系統.vbproj", "{44DD4C71-8E85-43C8-9B11-0C6EF052C0D7}"
EndProject
Global
	GlobalSection(SolutionConfigurationPlatforms) = preSolution
		Debug|Any CPU = Debug|Any CPU
		Release|Any CPU = Release|Any CPU
	EndGlobalSection
	GlobalSection(ProjectConfigurationPlatforms) = postSolution
		{44DD4C71-8E85-43C8-9B11-0C6EF052C0D7}.Debug|Any CPU.ActiveCfg = Debug|Any CPU
		{44DD4C71-8E85-43C8-9B11-0C6EF052C0D7}.Debug|Any CPU.Build.0 = Debug|Any CPU
		{44DD4C71-8E85-43C8-9B11-0C6EF052C0D7}.Release|Any CPU.ActiveCfg = Release|Any CPU
		{44DD4C71-8E85-43C8-9B11-0C6EF052C0D7}.Release|Any CPU.Build.0 = Release|Any CPU
	EndGlobalSection
	GlobalSection(SolutionProperties) = preSolution
		HideSolutionNode = FALSE
	EndGlobalSection
EndGlobal
